
Microsoft Visual Studio Solution File, Format Version 12.00
# Visual Studio Version 16
VisualStudioVersion = 16.0.31129.286
MinimumVisualStudioVersion = 10.0.40219.1
Project("{8BC9CEB8-8B4A-11D0-8D11-00A0C91BC942}") = "BMTron", "BMTron\BMTron.vcxproj", "{A5D0C47E-0408-495B-BE62-FDBA7E015D48}"
EndProject
Project("{8BC9CEB8-8B4A-11D0-8D11-00A0C91BC942}") = "Neat", "Neat\Neat.vcxproj", "{4B425AF4-7532-479A-A1F8-2FF3721BE037}"
EndProject
Global
	GlobalSection(SolutionConfigurationPlatforms) = preSolution
		Debug|x64 = Debug|x64
		Debug|x86 = Debug|x86
		Release|x64 = Release|x64
		Release|x86 = Release|x86
	EndGlobalSection
	GlobalSection(ProjectConfigurationPlatforms) = postSolution
		{A5D0C47E-0408-495B-BE62-FDBA7E015D48}.Debug|x64.ActiveCfg = Debug|x64
		{A5D0C47E-0408-495B-BE62-FDBA7E015D48}.Debug|x64.Build.0 = Debug|x64
		{A5D0C47E-0408-495B-BE62-FDBA7E015D48}.Debug|x86.ActiveCfg = Debug|Win32
		{A5D0C47E-0408-495B-BE62-FDBA7E015D48}.Debug|x86.Build.0 = Debug|Win32
		{A5D0C47E-0408-495B-BE62-FDBA7E015D48}.Release|x64.ActiveCfg = Release|x64
		{A5D0C47E-0408-495B-BE62-FDBA7E015D48}.Release|x64.Build.0 = Release|x64
		{A5D0C47E-0408-495B-BE62-FDBA7E015D48}.Release|x86.ActiveCfg = Release|Win32
		{A5D0C47E-0408-495B-BE62-FDBA7E015D48}.Release|x86.Build.0 = Release|Win32
		{4B425AF4-7532-479A-A1F8-2FF3721BE037}.Debug|x64.ActiveCfg = Debug|x64
		{4B425AF4-7532-479A-A1F8-2FF3721BE037}.Debug|x64.Build.0 = Debug|x64
		{4B425AF4-7532-479A-A1F8-2FF3721BE037}.Debug|x86.ActiveCfg = Debug|Win32
		{4B425AF4-7532-479A-A1F8-2FF3721BE037}.Debug|x86.Build.0 = Debug|Win32
		{4B425AF4-7532-479A-A1F8-2FF3721BE037}.Release|x64.ActiveCfg = Release|x64
		{4B425AF4-7532-479A-A1F8-2FF3721BE037}.Release|x64.Build.0 = Release|x64
		{4B425AF4-7532-479A-A1F8-2FF3721BE037}.Release|x86.ActiveCfg = Release|Win32
		{4B425AF4-7532-479A-A1F8-2FF3721BE037}.Release|x86.Build.0 = Release|Win32
	EndGlobalSection
	GlobalSection(SolutionProperties) = preSolution
		HideSolutionNode = FALSE
	EndGlobalSection
	GlobalSection(ExtensibilityGlobals) = postSolution
		SolutionGuid = {21AF8482-DA67-4FD8-BD4B-46793063E691}
	EndGlobalSection
EndGlobal
